
Microsoft Visual Studio Solution File, Format Version 12.00
# Visual Studio 15
VisualStudioVersion = 15.0.26228.9
MinimumVisualStudioVersion = 10.0.40219.1
Project("{FAE04EC0-301F-11D3-BF4B-00C04F79EFBC}") = "Login", "Login\Login.csproj", "{568AC56E-3A6B-465B-AA6D-B460BDA58408}"
EndProject
Project("{FAE04EC0-301F-11D3-BF4B-00C04F79EFBC}") = "BLL", "BLL\BLL.csproj", "{EAEFB9B1-3130-49B7-92B4-548924EF180F}"
EndProject
Project("{FAE04EC0-301F-11D3-BF4B-00C04F79EFBC}") = "DAL", "DAL\DAL.csproj", "{281BDF2C-4D15-405F-9D76-3BC948E23EF9}"
EndProject
Project("{FAE04EC0-301F-11D3-BF4B-00C04F79EFBC}") = "DOL", "DOL\DOL.csproj", "{7EF0A1AE-B196-4F6F-A129-3EAD737C338B}"
EndProject
Global
	GlobalSection(SolutionConfigurationPlatforms) = preSolution
		Debug|Any CPU = Debug|Any CPU
		Release|Any CPU = Release|Any CPU
	EndGlobalSection
	GlobalSection(ProjectConfigurationPlatforms) = postSolution
		{568AC56E-3A6B-465B-AA6D-B460BDA58408}.Debug|Any CPU.ActiveCfg = Debug|Any CPU
		{568AC56E-3A6B-465B-AA6D-B460BDA58408}.Debug|Any CPU.Build.0 = Debug|Any CPU
		{568AC56E-3A6B-465B-AA6D-B460BDA58408}.Release|Any CPU.ActiveCfg = Release|Any CPU
		{568AC56E-3A6B-465B-AA6D-B460BDA58408}.Release|Any CPU.Build.0 = Release|Any CPU
		{EAEFB9B1-3130-49B7-92B4-548924EF180F}.Debug|Any CPU.ActiveCfg = Debug|Any CPU
		{EAEFB9B1-3130-49B7-92B4-548924EF180F}.Debug|Any CPU.Build.0 = Debug|Any CPU
		{EAEFB9B1-3130-49B7-92B4-548924EF180F}.Release|Any CPU.ActiveCfg = Release|Any CPU
		{EAEFB9B1-3130-49B7-92B4-548924EF180F}.Release|Any CPU.Build.0 = Release|Any CPU
		{281BDF2C-4D15-405F-9D76-3BC948E23EF9}.Debug|Any CPU.ActiveCfg = Debug|Any CPU
		{281BDF2C-4D15-405F-9D76-3BC948E23EF9}.Debug|Any CPU.Build.0 = Debug|Any CPU
		{281BDF2C-4D15-405F-9D76-3BC948E23EF9}.Release|Any CPU.ActiveCfg = Release|Any CPU
		{281BDF2C-4D15-405F-9D76-3BC948E23EF9}.Release|Any CPU.Build.0 = Release|Any CPU
		{7EF0A1AE-B196-4F6F-A129-3EAD737C338B}.Debug|Any CPU.ActiveCfg = Debug|Any CPU
		{7EF0A1AE-B196-4F6F-A129-3EAD737C338B}.Debug|Any CPU.Build.0 = Debug|Any CPU
		{7EF0A1AE-B196-4F6F-A129-3EAD737C338B}.Release|Any CPU.ActiveCfg = Release|Any CPU
		{7EF0A1AE-B196-4F6F-A129-3EAD737C338B}.Release|Any CPU.Build.0 = Release|Any CPU
	EndGlobalSection
	GlobalSection(SolutionProperties) = preSolution
		HideSolutionNode = FALSE
	EndGlobalSection
EndGlobal
